{
  "name": "eon",
  "version": "1.5.7",
  "lockfileVersion": 3,
  "requires": true,
  "packages": {
    "": {
      "name": "eon",
      "version": "1.5.7",
      "dependencies": {
        "@picocss/pico": "^2.1.1",
        "@supabase/supabase-js": "^2.115.0"
      },
      "devDependencies": {
        "@types/node": "^26.4.1",
        "typescript": "~6.0.2",
        "vite": "^8.2.2"
      }
    }
  }
}
